
Microsoft Visual Studio Solution File, Format Version 12.00
Project("{FAE04EC0-301F-11D3-BF4B-00C04F79EFBC}") = "PeixinhoDecoup", "PeixinhoDecoup\PeixinhoDecoup.csproj", "{CF19934E-6761-49CA-B6A0-6D373D9E5941}"
EndProject
Global
	GlobalSection(SolutionConfigurationPlatforms) = preSolution
		Debug|Any CPU = Debug|Any CPU
		Release|Any CPU = Release|Any CPU
	EndGlobalSection
	GlobalSection(ProjectConfigurationPlatforms) = postSolution
		{CF19934E-6761-49CA-B6A0-6D373D9E5941}.Debug|Any CPU.ActiveCfg = Debug|Any CPU
		{CF19934E-6761-49CA-B6A0-6D373D9E5941}.Debug|Any CPU.Build.0 = Debug|Any CPU
		{CF19934E-6761-49CA-B6A0-6D373D9E5941}.Release|Any CPU.ActiveCfg = Release|Any CPU
		{CF19934E-6761-49CA-B6A0-6D373D9E5941}.Release|Any CPU.Build.0 = Release|Any CPU
	EndGlobalSection
EndGlobal
